
Microsoft Visual Studio Solution File, Format Version 12.00
# Visual Studio Version 16
VisualStudioVersion = 16.0.34114.132
MinimumVisualStudioVersion = 10.0.40219.1
Project("{FAE04EC0-301F-11D3-BF4B-00C04F79EFBC}") = "CuentaBancaria", "CuentaBancaria\CuentaBancaria.csproj", "{89DD9B7D-DCCB-4B93-87D2-8CC283E3A41B}"
EndProject
Global
	GlobalSection(SolutionConfigurationPlatforms) = preSolution
		Debug|Any CPU = Debug|Any CPU
		Release|Any CPU = Release|Any CPU
	EndGlobalSection
	GlobalSection(ProjectConfigurationPlatforms) = postSolution
		{89DD9B7D-DCCB-4B93-87D2-8CC283E3A41B}.Debug|Any CPU.ActiveCfg = Debug|Any CPU
		{89DD9B7D-DCCB-4B93-87D2-8CC283E3A41B}.Debug|Any CPU.Build.0 = Debug|Any CPU
		{89DD9B7D-DCCB-4B93-87D2-8CC283E3A41B}.Release|Any CPU.ActiveCfg = Release|Any CPU
		{89DD9B7D-DCCB-4B93-87D2-8CC283E3A41B}.Release|Any CPU.Build.0 = Release|Any CPU
	EndGlobalSection
	GlobalSection(SolutionProperties) = preSolution
		HideSolutionNode = FALSE
	EndGlobalSection
	GlobalSection(ExtensibilityGlobals) = postSolution
		SolutionGuid = {90B36F44-E233-4FEC-9E61-BA5F2AAE279C}
	EndGlobalSection
EndGlobal
